
Microsoft Visual Studio Solution File, Format Version 12.00
Project("{FAE04EC0-301F-11D3-BF4B-00C04F79EFBC}") = "Guts.Server.Runner", "Guts.Server.Runner\Guts.Server.Runner.csproj", "{AC074247-0545-4BF4-A78F-FA10162A7DBD}"
EndProject
Global
	GlobalSection(SolutionConfigurationPlatforms) = preSolution
		Debug|Any CPU = Debug|Any CPU
		Release|Any CPU = Release|Any CPU
	EndGlobalSection
	GlobalSection(ProjectConfigurationPlatforms) = postSolution
		{AC074247-0545-4BF4-A78F-FA10162A7DBD}.Debug|Any CPU.ActiveCfg = Debug|Any CPU
		{AC074247-0545-4BF4-A78F-FA10162A7DBD}.Debug|Any CPU.Build.0 = Debug|Any CPU
		{AC074247-0545-4BF4-A78F-FA10162A7DBD}.Release|Any CPU.ActiveCfg = Release|Any CPU
		{AC074247-0545-4BF4-A78F-FA10162A7DBD}.Release|Any CPU.Build.0 = Release|Any CPU
	EndGlobalSection
EndGlobal
