
Microsoft Visual Studio Solution File, Format Version 12.00
Project("{FAE04EC0-301F-11D3-BF4B-00C04F79EFBC}") = "Guts.Server", "Guts.Server\Guts.Server.csproj", "{AC074247-0545-4BF4-A78F-FA10162A7DBD}"
EndProject
Project("{FAE04EC0-301F-11D3-BF4B-00C04F79EFBC}") = "Guts.DumpAnalyzer", "Guts.DumpAnalyzer\Guts.DumpAnalyzer.csproj", "{8BD684A5-948E-409C-B893-508DB0F745A1}"
EndProject
Project("{2150E333-8FDC-42A3-9474-1A3956D46DE8}") = "Sln Items", "Sln Items", "{D5DD1E7F-8A56-4EAD-94A2-F8EB5DE012C3}"
	ProjectSection(SolutionItems) = preProject
		.gitignore = .gitignore
	EndProjectSection
EndProject
Project("{2150E333-8FDC-42A3-9474-1A3956D46DE8}") = "TestApps", "TestApps", "{D95AE3A3-06E9-44AC-9234-971F05878565}"
EndProject
Project("{FAE04EC0-301F-11D3-BF4B-00C04F79EFBC}") = "Net9SDump", "TestApps\Net9SDump\Net9SDump.csproj", "{BC93789D-7A37-4ACF-885A-A9B85965EDB9}"
EndProject
Project("{FAE04EC0-301F-11D3-BF4B-00C04F79EFBC}") = "Net9WSDump", "TestApps\Net9WSDump\Net9WSDump.csproj", "{3C003868-FDB7-42E9-B20D-349758150423}"
EndProject
Project("{FAE04EC0-301F-11D3-BF4B-00C04F79EFBC}") = "Guts.DirectoryWatcher", "Guts.DirectoryWatcher\Guts.DirectoryWatcher.csproj", "{F01496D7-9E95-4CF9-BB06-D6AF0A044FE6}"
EndProject
Global
	GlobalSection(SolutionConfigurationPlatforms) = preSolution
		Debug|Any CPU = Debug|Any CPU
		Release|Any CPU = Release|Any CPU
	EndGlobalSection
	GlobalSection(ProjectConfigurationPlatforms) = postSolution
		{AC074247-0545-4BF4-A78F-FA10162A7DBD}.Debug|Any CPU.ActiveCfg = Debug|Any CPU
		{AC074247-0545-4BF4-A78F-FA10162A7DBD}.Debug|Any CPU.Build.0 = Debug|Any CPU
		{AC074247-0545-4BF4-A78F-FA10162A7DBD}.Release|Any CPU.ActiveCfg = Release|Any CPU
		{AC074247-0545-4BF4-A78F-FA10162A7DBD}.Release|Any CPU.Build.0 = Release|Any CPU
		{8BD684A5-948E-409C-B893-508DB0F745A1}.Debug|Any CPU.ActiveCfg = Debug|Any CPU
		{8BD684A5-948E-409C-B893-508DB0F745A1}.Debug|Any CPU.Build.0 = Debug|Any CPU
		{8BD684A5-948E-409C-B893-508DB0F745A1}.Release|Any CPU.ActiveCfg = Release|Any CPU
		{8BD684A5-948E-409C-B893-508DB0F745A1}.Release|Any CPU.Build.0 = Release|Any CPU
		{BC93789D-7A37-4ACF-885A-A9B85965EDB9}.Debug|Any CPU.ActiveCfg = Debug|Any CPU
		{BC93789D-7A37-4ACF-885A-A9B85965EDB9}.Debug|Any CPU.Build.0 = Debug|Any CPU
		{BC93789D-7A37-4ACF-885A-A9B85965EDB9}.Release|Any CPU.ActiveCfg = Release|Any CPU
		{BC93789D-7A37-4ACF-885A-A9B85965EDB9}.Release|Any CPU.Build.0 = Release|Any CPU
		{3C003868-FDB7-42E9-B20D-349758150423}.Debug|Any CPU.ActiveCfg = Debug|Any CPU
		{3C003868-FDB7-42E9-B20D-349758150423}.Debug|Any CPU.Build.0 = Debug|Any CPU
		{3C003868-FDB7-42E9-B20D-349758150423}.Release|Any CPU.ActiveCfg = Release|Any CPU
		{3C003868-FDB7-42E9-B20D-349758150423}.Release|Any CPU.Build.0 = Release|Any CPU
		{F01496D7-9E95-4CF9-BB06-D6AF0A044FE6}.Debug|Any CPU.ActiveCfg = Debug|Any CPU
		{F01496D7-9E95-4CF9-BB06-D6AF0A044FE6}.Debug|Any CPU.Build.0 = Debug|Any CPU
		{F01496D7-9E95-4CF9-BB06-D6AF0A044FE6}.Release|Any CPU.ActiveCfg = Release|Any CPU
		{F01496D7-9E95-4CF9-BB06-D6AF0A044FE6}.Release|Any CPU.Build.0 = Release|Any CPU
	EndGlobalSection
	GlobalSection(NestedProjects) = preSolution
		{BC93789D-7A37-4ACF-885A-A9B85965EDB9} = {D95AE3A3-06E9-44AC-9234-971F05878565}
		{3C003868-FDB7-42E9-B20D-349758150423} = {D95AE3A3-06E9-44AC-9234-971F05878565}
	EndGlobalSection
EndGlobal
